
Microsoft Visual Studio Solution File, Format Version 12.00
# Visual Studio 15
VisualStudioVersion = 15.0.27130.2024
MinimumVisualStudioVersion = 10.0.40219.1
Project("{FAE04EC0-301F-11D3-BF4B-00C04F79EFBC}") = "Class2Prep4", "Class2Prep4\Class2Prep4.csproj", "{40DFBD71-BFC6-4A7A-8063-26D14A3F5358}"
EndProject
Global
	GlobalSection(SolutionConfigurationPlatforms) = preSolution
		Debug|Any CPU = Debug|Any CPU
		Release|Any CPU = Release|Any CPU
	EndGlobalSection
	GlobalSection(ProjectConfigurationPlatforms) = postSolution
		{40DFBD71-BFC6-4A7A-8063-26D14A3F5358}.Debug|Any CPU.ActiveCfg = Debug|Any CPU
		{40DFBD71-BFC6-4A7A-8063-26D14A3F5358}.Debug|Any CPU.Build.0 = Debug|Any CPU
		{40DFBD71-BFC6-4A7A-8063-26D14A3F5358}.Release|Any CPU.ActiveCfg = Release|Any CPU
		{40DFBD71-BFC6-4A7A-8063-26D14A3F5358}.Release|Any CPU.Build.0 = Release|Any CPU
	EndGlobalSection
	GlobalSection(SolutionProperties) = preSolution
		HideSolutionNode = FALSE
	EndGlobalSection
	GlobalSection(ExtensibilityGlobals) = postSolution
		SolutionGuid = {17BCDFA0-C17B-4FCE-A636-218118499C5C}
	EndGlobalSection
EndGlobal
